
Microsoft Visual Studio Solution File, Format Version 12.00
# Visual Studio Version 16
VisualStudioVersion = 16.0.30413.136
MinimumVisualStudioVersion = 10.0.40219.1
Project("{FAE04EC0-301F-11D3-BF4B-00C04F79EFBC}") = "UWPSQLLiteDemo", "UWPSQLLiteDemo\UWPSQLLiteDemo.csproj", "{75AEAE35-6930-45A8-9B2B-652A84D9E423}"
EndProject
Global
	GlobalSection(SolutionConfigurationPlatforms) = preSolution
		Debug|ARM = Debug|ARM
		Debug|ARM64 = Debug|ARM64
		Debug|x64 = Debug|x64
		Debug|x86 = Debug|x86
		Release|ARM = Release|ARM
		Release|ARM64 = Release|ARM64
		Release|x64 = Release|x64
		Release|x86 = Release|x86
	EndGlobalSection
	GlobalSection(ProjectConfigurationPlatforms) = postSolution
		{75AEAE35-6930-45A8-9B2B-652A84D9E423}.Debug|ARM.ActiveCfg = Debug|ARM
		{75AEAE35-6930-45A8-9B2B-652A84D9E423}.Debug|ARM.Build.0 = Debug|ARM
		{75AEAE35-6930-45A8-9B2B-652A84D9E423}.Debug|ARM.Deploy.0 = Debug|ARM
		{75AEAE35-6930-45A8-9B2B-652A84D9E423}.Debug|ARM64.ActiveCfg = Debug|ARM64
		{75AEAE35-6930-45A8-9B2B-652A84D9E423}.Debug|ARM64.Build.0 = Debug|ARM64
		{75AEAE35-6930-45A8-9B2B-652A84D9E423}.Debug|ARM64.Deploy.0 = Debug|ARM64
		{75AEAE35-6930-45A8-9B2B-652A84D9E423}.Debug|x64.ActiveCfg = Debug|x64
		{75AEAE35-6930-45A8-9B2B-652A84D9E423}.Debug|x64.Build.0 = Debug|x64
		{75AEAE35-6930-45A8-9B2B-652A84D9E423}.Debug|x64.Deploy.0 = Debug|x64
		{75AEAE35-6930-45A8-9B2B-652A84D9E423}.Debug|x86.ActiveCfg = Debug|x86
		{75AEAE35-6930-45A8-9B2B-652A84D9E423}.Debug|x86.Build.0 = Debug|x86
		{75AEAE35-6930-45A8-9B2B-652A84D9E423}.Debug|x86.Deploy.0 = Debug|x86
		{75AEAE35-6930-45A8-9B2B-652A84D9E423}.Release|ARM.ActiveCfg = Release|ARM
		{75AEAE35-6930-45A8-9B2B-652A84D9E423}.Release|ARM.Build.0 = Release|ARM
		{75AEAE35-6930-45A8-9B2B-652A84D9E423}.Release|ARM.Deploy.0 = Release|ARM
		{75AEAE35-6930-45A8-9B2B-652A84D9E423}.Release|ARM64.ActiveCfg = Release|ARM64
		{75AEAE35-6930-45A8-9B2B-652A84D9E423}.Release|ARM64.Build.0 = Release|ARM64
		{75AEAE35-6930-45A8-9B2B-652A84D9E423}.Release|ARM64.Deploy.0 = Release|ARM64
		{75AEAE35-6930-45A8-9B2B-652A84D9E423}.Release|x64.ActiveCfg = Release|x64
		{75AEAE35-6930-45A8-9B2B-652A84D9E423}.Release|x64.Build.0 = Release|x64
		{75AEAE35-6930-45A8-9B2B-652A84D9E423}.Release|x64.Deploy.0 = Release|x64
		{75AEAE35-6930-45A8-9B2B-652A84D9E423}.Release|x86.ActiveCfg = Release|x86
		{75AEAE35-6930-45A8-9B2B-652A84D9E423}.Release|x86.Build.0 = Release|x86
		{75AEAE35-6930-45A8-9B2B-652A84D9E423}.Release|x86.Deploy.0 = Release|x86
	EndGlobalSection
	GlobalSection(SolutionProperties) = preSolution
		HideSolutionNode = FALSE
	EndGlobalSection
	GlobalSection(ExtensibilityGlobals) = postSolution
		SolutionGuid = {909FD652-532B-40D9-BD87-D4D2A15E7A0C}
	EndGlobalSection
EndGlobal
