
Microsoft Visual Studio Solution File, Format Version 12.00
# Visual Studio Version 16
VisualStudioVersion = 16.0.30503.244
MinimumVisualStudioVersion = 10.0.40219.1
Project("{FAE04EC0-301F-11D3-BF4B-00C04F79EFBC}") = "Exam-Paper", "Exam-Paper\Exam-Paper.csproj", "{048143EA-E971-45AF-B5F0-61BBA8495A41}"
EndProject
Global
	GlobalSection(SolutionConfigurationPlatforms) = preSolution
		Debug|Any CPU = Debug|Any CPU
		Release|Any CPU = Release|Any CPU
	EndGlobalSection
	GlobalSection(ProjectConfigurationPlatforms) = postSolution
		{048143EA-E971-45AF-B5F0-61BBA8495A41}.Debug|Any CPU.ActiveCfg = Debug|Any CPU
		{048143EA-E971-45AF-B5F0-61BBA8495A41}.Debug|Any CPU.Build.0 = Debug|Any CPU
		{048143EA-E971-45AF-B5F0-61BBA8495A41}.Release|Any CPU.ActiveCfg = Release|Any CPU
		{048143EA-E971-45AF-B5F0-61BBA8495A41}.Release|Any CPU.Build.0 = Release|Any CPU
	EndGlobalSection
	GlobalSection(SolutionProperties) = preSolution
		HideSolutionNode = FALSE
	EndGlobalSection
	GlobalSection(ExtensibilityGlobals) = postSolution
		SolutionGuid = {CDF4A7B6-F019-42FD-80B6-D3D4EEF890CD}
	EndGlobalSection
EndGlobal
