
Microsoft Visual Studio Solution File, Format Version 12.00
# Visual Studio Version 16
VisualStudioVersion = 16.0.30503.244
MinimumVisualStudioVersion = 10.0.40219.1
Project("{FAE04EC0-301F-11D3-BF4B-00C04F79EFBC}") = "EAP_ExamPaper", "EAP_ExamPaper\EAP_ExamPaper.csproj", "{96860624-F312-4470-887F-45ACE8B33423}"
EndProject
Project("{FAE04EC0-301F-11D3-BF4B-00C04F79EFBC}") = "Consummer", "Consummer\Consummer.csproj", "{0FFE0387-9829-41EC-BAF7-6B1BDECCDAA1}"
	ProjectSection(ProjectDependencies) = postProject
		{96860624-F312-4470-887F-45ACE8B33423} = {96860624-F312-4470-887F-45ACE8B33423}
	EndProjectSection
EndProject
Global
	GlobalSection(SolutionConfigurationPlatforms) = preSolution
		Debug|Any CPU = Debug|Any CPU
		Release|Any CPU = Release|Any CPU
	EndGlobalSection
	GlobalSection(ProjectConfigurationPlatforms) = postSolution
		{96860624-F312-4470-887F-45ACE8B33423}.Debug|Any CPU.ActiveCfg = Debug|Any CPU
		{96860624-F312-4470-887F-45ACE8B33423}.Debug|Any CPU.Build.0 = Debug|Any CPU
		{96860624-F312-4470-887F-45ACE8B33423}.Release|Any CPU.ActiveCfg = Release|Any CPU
		{96860624-F312-4470-887F-45ACE8B33423}.Release|Any CPU.Build.0 = Release|Any CPU
		{0FFE0387-9829-41EC-BAF7-6B1BDECCDAA1}.Debug|Any CPU.ActiveCfg = Debug|Any CPU
		{0FFE0387-9829-41EC-BAF7-6B1BDECCDAA1}.Debug|Any CPU.Build.0 = Debug|Any CPU
		{0FFE0387-9829-41EC-BAF7-6B1BDECCDAA1}.Release|Any CPU.ActiveCfg = Release|Any CPU
		{0FFE0387-9829-41EC-BAF7-6B1BDECCDAA1}.Release|Any CPU.Build.0 = Release|Any CPU
	EndGlobalSection
	GlobalSection(SolutionProperties) = preSolution
		HideSolutionNode = FALSE
	EndGlobalSection
	GlobalSection(ExtensibilityGlobals) = postSolution
		SolutionGuid = {B058E5E5-0508-4AA1-9B81-4A556309E959}
	EndGlobalSection
EndGlobal
