
Microsoft Visual Studio Solution File, Format Version 12.00
# Visual Studio Version 16
VisualStudioVersion = 16.0.30503.244
MinimumVisualStudioVersion = 10.0.40219.1
Project("{FAE04EC0-301F-11D3-BF4B-00C04F79EFBC}") = "REST_WCF_LINQ_2", "REST_WCF_LINQ_2\REST_WCF_LINQ_2.csproj", "{429E19A3-600A-4838-B7A8-2C3188C72C81}"
EndProject
Global
	GlobalSection(SolutionConfigurationPlatforms) = preSolution
		Debug|Any CPU = Debug|Any CPU
		Release|Any CPU = Release|Any CPU
	EndGlobalSection
	GlobalSection(ProjectConfigurationPlatforms) = postSolution
		{429E19A3-600A-4838-B7A8-2C3188C72C81}.Debug|Any CPU.ActiveCfg = Debug|Any CPU
		{429E19A3-600A-4838-B7A8-2C3188C72C81}.Debug|Any CPU.Build.0 = Debug|Any CPU
		{429E19A3-600A-4838-B7A8-2C3188C72C81}.Release|Any CPU.ActiveCfg = Release|Any CPU
		{429E19A3-600A-4838-B7A8-2C3188C72C81}.Release|Any CPU.Build.0 = Release|Any CPU
	EndGlobalSection
	GlobalSection(SolutionProperties) = preSolution
		HideSolutionNode = FALSE
	EndGlobalSection
	GlobalSection(ExtensibilityGlobals) = postSolution
		SolutionGuid = {3313FCFC-6460-4C2C-AB10-A4853CE12CC9}
	EndGlobalSection
EndGlobal
